
Microsoft Visual Studio Solution File, Format Version 12.00
# Visual Studio Version 17
VisualStudioVersion = 17.8.34511.84
MinimumVisualStudioVersion = 10.0.40219.1
Project("{FAE04EC0-301F-11D3-BF4B-00C04F79EFBC}") = "Week6", "Week6\Week6.csproj", "{31FFF91A-D1E7-48D0-AF4C-96ED480C2AAC}"
EndProject
Project("{FAE04EC0-301F-11D3-BF4B-00C04F79EFBC}") = "StringsAndArrays", "StringsAndArrays\StringsAndArrays.csproj", "{591A3B4B-2018-4DC8-A203-F029D5CFCFC7}"
EndProject
Project("{FAE04EC0-301F-11D3-BF4B-00C04F79EFBC}") = "RandomElement", "RandomElement\RandomElement.csproj", "{DC768A01-1BD1-4F61-AC82-F129864B390F}"
EndProject
Project("{FAE04EC0-301F-11D3-BF4B-00C04F79EFBC}") = "NumberArrays", "NumberArrays\NumberArrays.csproj", "{204325A6-05E2-4F97-ABD1-D98CD669FFE9}"
EndProject
Global
	GlobalSection(SolutionConfigurationPlatforms) = preSolution
		Debug|Any CPU = Debug|Any CPU
		Release|Any CPU = Release|Any CPU
	EndGlobalSection
	GlobalSection(ProjectConfigurationPlatforms) = postSolution
		{31FFF91A-D1E7-48D0-AF4C-96ED480C2AAC}.Debug|Any CPU.ActiveCfg = Debug|Any CPU
		{31FFF91A-D1E7-48D0-AF4C-96ED480C2AAC}.Debug|Any CPU.Build.0 = Debug|Any CPU
		{31FFF91A-D1E7-48D0-AF4C-96ED480C2AAC}.Release|Any CPU.ActiveCfg = Release|Any CPU
		{31FFF91A-D1E7-48D0-AF4C-96ED480C2AAC}.Release|Any CPU.Build.0 = Release|Any CPU
		{591A3B4B-2018-4DC8-A203-F029D5CFCFC7}.Debug|Any CPU.ActiveCfg = Debug|Any CPU
		{591A3B4B-2018-4DC8-A203-F029D5CFCFC7}.Debug|Any CPU.Build.0 = Debug|Any CPU
		{591A3B4B-2018-4DC8-A203-F029D5CFCFC7}.Release|Any CPU.ActiveCfg = Release|Any CPU
		{591A3B4B-2018-4DC8-A203-F029D5CFCFC7}.Release|Any CPU.Build.0 = Release|Any CPU
		{DC768A01-1BD1-4F61-AC82-F129864B390F}.Debug|Any CPU.ActiveCfg = Debug|Any CPU
		{DC768A01-1BD1-4F61-AC82-F129864B390F}.Debug|Any CPU.Build.0 = Debug|Any CPU
		{DC768A01-1BD1-4F61-AC82-F129864B390F}.Release|Any CPU.ActiveCfg = Release|Any CPU
		{DC768A01-1BD1-4F61-AC82-F129864B390F}.Release|Any CPU.Build.0 = Release|Any CPU
		{204325A6-05E2-4F97-ABD1-D98CD669FFE9}.Debug|Any CPU.ActiveCfg = Debug|Any CPU
		{204325A6-05E2-4F97-ABD1-D98CD669FFE9}.Debug|Any CPU.Build.0 = Debug|Any CPU
		{204325A6-05E2-4F97-ABD1-D98CD669FFE9}.Release|Any CPU.ActiveCfg = Release|Any CPU
		{204325A6-05E2-4F97-ABD1-D98CD669FFE9}.Release|Any CPU.Build.0 = Release|Any CPU
	EndGlobalSection
	GlobalSection(SolutionProperties) = preSolution
		HideSolutionNode = FALSE
	EndGlobalSection
	GlobalSection(ExtensibilityGlobals) = postSolution
		SolutionGuid = {A8266D0E-923E-41BB-B627-2B7A31516387}
	EndGlobalSection
EndGlobal
